
Microsoft Visual Studio Solution File, Format Version 12.00
# Visual Studio Version 17
VisualStudioVersion = 17.6.33815.320
MinimumVisualStudioVersion = 10.0.40219.1
Project("{2150E333-8FDC-42A3-9474-1A3956D46DE8}") = "src", "src", "{25D4C66E-2173-478D-ABBE-0E9FC0E93B57}"
EndProject
Project("{FAE04EC0-301F-11D3-BF4B-00C04F79EFBC}") = "MyCompanyName.MyProjectName", "src\MyCompanyName.MyProjectName\MyCompanyName.MyProjectName.csproj", "{2F83C2BF-08B1-4C5C-A258-29BB19F5C261}"
EndProject
Global
	GlobalSection(SolutionConfigurationPlatforms) = preSolution
		Debug|Any CPU = Debug|Any CPU
		Release|Any CPU = Release|Any CPU
	EndGlobalSection
	GlobalSection(ProjectConfigurationPlatforms) = postSolution
		{2F83C2BF-08B1-4C5C-A258-29BB19F5C261}.Debug|Any CPU.ActiveCfg = Debug|Any CPU
		{2F83C2BF-08B1-4C5C-A258-29BB19F5C261}.Debug|Any CPU.Build.0 = Debug|Any CPU
		{2F83C2BF-08B1-4C5C-A258-29BB19F5C261}.Release|Any CPU.ActiveCfg = Release|Any CPU
		{2F83C2BF-08B1-4C5C-A258-29BB19F5C261}.Release|Any CPU.Build.0 = Release|Any CPU
	EndGlobalSection
	GlobalSection(SolutionProperties) = preSolution
		HideSolutionNode = FALSE
	EndGlobalSection
	GlobalSection(NestedProjects) = preSolution
		{2F83C2BF-08B1-4C5C-A258-29BB19F5C261} = {25D4C66E-2173-478D-ABBE-0E9FC0E93B57}
	EndGlobalSection
EndGlobal
